// !$*UTF8*$!
{
	archiveVersion = 1;
	classes = {
	};
	objectVersion = 48;
	objects = {

/* Begin PBXBuildFile section */
		4421B45E1FEAC8A9000FA634 /* DetailProductViewController.swift in Sources */ = {isa = PBXBuildFile; fileRef = 4421B45D1FEAC8A9000FA634 /* DetailProductViewController.swift */; };
		4421B4611FEAD754000FA634 /* Helpers.swift in Sources */ = {isa = PBXBuildFile; fileRef = 4421B4601FEAD754000FA634 /* Helpers.swift */; };
		4421B4631FEAD849000FA634 /* DetailProductDataProvider.swift in Sources */ = {isa = PBXBuildFile; fileRef = 4421B4621FEAD849000FA634 /* DetailProductDataProvider.swift */; };
		443087041FE8ED46003A93FB /* HomeViewController.swift in Sources */ = {isa = PBXBuildFile; fileRef = 443087031FE8ED46003A93FB /* HomeViewController.swift */; };
		443087061FE8ED76003A93FB /* ProductsViewController.swift in Sources */ = {isa = PBXBuildFile; fileRef = 443087051FE8ED76003A93FB /* ProductsViewController.swift */; };
		443087081FE8ED8E003A93FB /* StoreViewController.swift in Sources */ = {isa = PBXBuildFile; fileRef = 443087071FE8ED8E003A93FB /* StoreViewController.swift */; };
		4430870A1FE8EE1C003A93FB /* OrdersViewController.swift in Sources */ = {isa = PBXBuildFile; fileRef = 443087091FE8EE1C003A93FB /* OrdersViewController.swift */; };
		4430870C1FE8EEC2003A93FB /* ProductManager.swift in Sources */ = {isa = PBXBuildFile; fileRef = 4430870B1FE8EEC2003A93FB /* ProductManager.swift */; };
		4430870E1FE8EEE0003A93FB /* Product.swift in Sources */ = {isa = PBXBuildFile; fileRef = 4430870D1FE8EEE0003A93FB /* Product.swift */; };
		443087101FE8F262003A93FB /* ProductsDataProvider.swift in Sources */ = {isa = PBXBuildFile; fileRef = 4430870F1FE8F262003A93FB /* ProductsDataProvider.swift */; };
		443087121FE972F7003A93FB /* LoginAndSignup.storyboard in Resources */ = {isa = PBXBuildFile; fileRef = 443087111FE972F7003A93FB /* LoginAndSignup.storyboard */; };
		4430871F1FE9BF4B003A93FB /* ProductsTableViewCell.swift in Sources */ = {isa = PBXBuildFile; fileRef = 4430871E1FE9BF4B003A93FB /* ProductsTableViewCell.swift */; };
		4462B6541FE9FFCE00E6C210 /* RecentProductsDataProvider.swift in Sources */ = {isa = PBXBuildFile; fileRef = 4462B6531FE9FFCE00E6C210 /* RecentProductsDataProvider.swift */; };
		4462B6561FEA152400E6C210 /* RecentProductsCollectionViewCell.swift in Sources */ = {isa = PBXBuildFile; fileRef = 4462B6551FEA152400E6C210 /* RecentProductsCollectionViewCell.swift */; };
		4462B6581FEA352300E6C210 /* AllProductsViewController.swift in Sources */ = {isa = PBXBuildFile; fileRef = 4462B6571FEA352300E6C210 /* AllProductsViewController.swift */; };
		4462B65A1FEA453D00E6C210 /* AllProductsTableViewCell.swift in Sources */ = {isa = PBXBuildFile; fileRef = 4462B6591FEA453D00E6C210 /* AllProductsTableViewCell.swift */; };
		4462B65C1FEA469800E6C210 /* AllProductsDataProvider.swift in Sources */ = {isa = PBXBuildFile; fileRef = 4462B65B1FEA469800E6C210 /* AllProductsDataProvider.swift */; };
		4476E3861FE8A10B00709AEF /* AppDelegate.swift in Sources */ = {isa = PBXBuildFile; fileRef = 4476E3851FE8A10B00709AEF /* AppDelegate.swift */; };
		4476E3881FE8A10B00709AEF /* ViewController.swift in Sources */ = {isa = PBXBuildFile; fileRef = 4476E3871FE8A10B00709AEF /* ViewController.swift */; };
		4476E38B1FE8A10B00709AEF /* Main.storyboard in Resources */ = {isa = PBXBuildFile; fileRef = 4476E3891FE8A10B00709AEF /* Main.storyboard */; };
		4476E38E1FE8A10B00709AEF /* ShopifySummer2018.xcdatamodeld in Sources */ = {isa = PBXBuildFile; fileRef = 4476E38C1FE8A10B00709AEF /* ShopifySummer2018.xcdatamodeld */; };
		4476E3901FE8A10B00709AEF /* Assets.xcassets in Resources */ = {isa = PBXBuildFile; fileRef = 4476E38F1FE8A10B00709AEF /* Assets.xcassets */; };
		4476E3931FE8A10B00709AEF /* LaunchScreen.storyboard in Resources */ = {isa = PBXBuildFile; fileRef = 4476E3911FE8A10B00709AEF /* LaunchScreen.storyboard */; };
		4476E39E1FE8A10B00709AEF /* ShopifySummer2018Tests.swift in Sources */ = {isa = PBXBuildFile; fileRef = 4476E39D1FE8A10B00709AEF /* ShopifySummer2018Tests.swift */; };
		4476E3A91FE8A10B00709AEF /* ShopifySummer2018UITests.swift in Sources */ = {isa = PBXBuildFile; fileRef = 4476E3A81FE8A10B00709AEF /* ShopifySummer2018UITests.swift */; };
		4476E3B71FE8C02000709AEF /* OnboardingViewController.swift in Sources */ = {isa = PBXBuildFile; fileRef = 4476E3B61FE8C02000709AEF /* OnboardingViewController.swift */; };
		4476E3B91FE8C28F00709AEF /* Extensions.swift in Sources */ = {isa = PBXBuildFile; fileRef = 4476E3B81FE8C28F00709AEF /* Extensions.swift */; };
/* End PBXBuildFile section */

/* Begin PBXContainerItemProxy section */
		4476E39A1FE8A10B00709AEF /* PBXContainerItemProxy */ = {
			isa = PBXContainerItemProxy;
			containerPortal = 4476E37A1FE8A10A00709AEF /* Project object */;
			proxyType = 1;
			remoteGlobalIDString = 4476E3811FE8A10A00709AEF;
			remoteInfo = ShopifySummer2018;
		};
		4476E3A51FE8A10B00709AEF /* PBXContainerItemProxy */ = {
			isa = PBXContainerItemProxy;
			containerPortal = 4476E37A1FE8A10A00709AEF /* Project object */;
			proxyType = 1;
			remoteGlobalIDString = 4476E3811FE8A10A00709AEF;
			remoteInfo = ShopifySummer2018;
		};
/* End PBXContainerItemProxy section */

/* Begin PBXFileReference section */
		4421B45D1FEAC8A9000FA634 /* DetailProductViewController.swift */ = {isa = PBXFileReference; lastKnownFileType = sourcecode.swift; path = DetailProductViewController.swift; sourceTree = "<group>"; };
		4421B4601FEAD754000FA634 /* Helpers.swift */ = {isa = PBXFileReference; lastKnownFileType = sourcecode.swift; path = Helpers.swift; sourceTree = "<group>"; };
		4421B4621FEAD849000FA634 /* DetailProductDataProvider.swift */ = {isa = PBXFileReference; lastKnownFileType = sourcecode.swift; path = DetailProductDataProvider.swift; sourceTree = "<group>"; };
		443087031FE8ED46003A93FB /* HomeViewController.swift */ = {isa = PBXFileReference; lastKnownFileType = sourcecode.swift; path = HomeViewController.swift; sourceTree = "<group>"; };
		443087051FE8ED76003A93FB /* ProductsViewController.swift */ = {isa = PBXFileReference; lastKnownFileType = sourcecode.swift; path = ProductsViewController.swift; sourceTree = "<group>"; };
		443087071FE8ED8E003A93FB /* StoreViewController.swift */ = {isa = PBXFileReference; lastKnownFileType = sourcecode.swift; path = StoreViewController.swift; sourceTree = "<group>"; };
		443087091FE8EE1C003A93FB /* OrdersViewController.swift */ = {isa = PBXFileReference; lastKnownFileType = sourcecode.swift; path = OrdersViewController.swift; sourceTree = "<group>"; };
		4430870B1FE8EEC2003A93FB /* ProductManager.swift */ = {isa = PBXFileReference; lastKnownFileType = sourcecode.swift; path = ProductManager.swift; sourceTree = "<group>"; };
		4430870D1FE8EEE0003A93FB /* Product.swift */ = {isa = PBXFileReference; lastKnownFileType = sourcecode.swift; path = Product.swift; sourceTree = "<group>"; };
		4430870F1FE8F262003A93FB /* ProductsDataProvider.swift */ = {isa = PBXFileReference; lastKnownFileType = sourcecode.swift; path = ProductsDataProvider.swift; sourceTree = "<group>"; };
		443087111FE972F7003A93FB /* LoginAndSignup.storyboard */ = {isa = PBXFileReference; lastKnownFileType = file.storyboard; path = LoginAndSignup.storyboard; sourceTree = "<group>"; };
		4430871E1FE9BF4B003A93FB /* ProductsTableViewCell.swift */ = {isa = PBXFileReference; lastKnownFileType = sourcecode.swift; path = ProductsTableViewCell.swift; sourceTree = "<group>"; };
		4462B6531FE9FFCE00E6C210 /* RecentProductsDataProvider.swift */ = {isa = PBXFileReference; lastKnownFileType = sourcecode.swift; path = RecentProductsDataProvider.swift; sourceTree = "<group>"; };
		4462B6551FEA152400E6C210 /* RecentProductsCollectionViewCell.swift */ = {isa = PBXFileReference; lastKnownFileType = sourcecode.swift; path = RecentProductsCollectionViewCell.swift; sourceTree = "<group>"; };
		4462B6571FEA352300E6C210 /* AllProductsViewController.swift */ = {isa = PBXFileReference; lastKnownFileType = sourcecode.swift; path = AllProductsViewController.swift; sourceTree = "<group>"; };
		4462B6591FEA453D00E6C210 /* AllProductsTableViewCell.swift */ = {isa = PBXFileReference; lastKnownFileType = sourcecode.swift; path = AllProductsTableViewCell.swift; sourceTree = "<group>"; };
		4462B65B1FEA469800E6C210 /* AllProductsDataProvider.swift */ = {isa = PBXFileReference; lastKnownFileType = sourcecode.swift; path = AllProductsDataProvider.swift; sourceTree = "<group>"; };
		4476E3821FE8A10A00709AEF /* ShopifySummer2018.app */ = {isa = PBXFileReference; explicitFileType = wrapper.application; includeInIndex = 0; path = ShopifySummer2018.app; sourceTree = BUILT_PRODUCTS_DIR; };
		4476E3851FE8A10B00709AEF /* AppDelegate.swift */ = {isa = PBXFileReference; lastKnownFileType = sourcecode.swift; path = AppDelegate.swift; sourceTree = "<group>"; };
		4476E3871FE8A10B00709AEF /* ViewController.swift */ = {isa = PBXFileReference; lastKnownFileType = sourcecode.swift; path = ViewController.swift; sourceTree = "<group>"; };
		4476E38A1FE8A10B00709AEF /* Base */ = {isa = PBXFileReference; lastKnownFileType = file.storyboard; name = Base; path = Base.lproj/Main.storyboard; sourceTree = "<group>"; };
		4476E38D1FE8A10B00709AEF /* ShopifySummer2018.xcdatamodel */ = {isa = PBXFileReference; lastKnownFileType = wrapper.xcdatamodel; path = ShopifySummer2018.xcdatamodel; sourceTree = "<group>"; };
		4476E38F1FE8A10B00709AEF /* Assets.xcassets */ = {isa = PBXFileReference; lastKnownFileType = folder.assetcatalog; path = Assets.xcassets; sourceTree = "<group>"; };
		4476E3921FE8A10B00709AEF /* Base */ = {isa = PBXFileReference; lastKnownFileType = file.storyboard; name = Base; path = Base.lproj/LaunchScreen.storyboard; sourceTree = "<group>"; };
		4476E3941FE8A10B00709AEF /* Info.plist */ = {isa = PBXFileReference; lastKnownFileType = text.plist.xml; path = Info.plist; sourceTree = "<group>"; };
		4476E3991FE8A10B00709AEF /* ShopifySummer2018Tests.xctest */ = {isa = PBXFileReference; explicitFileType = wrapper.cfbundle; includeInIndex = 0; path = ShopifySummer2018Tests.xctest; sourceTree = BUILT_PRODUCTS_DIR; };
		4476E39D1FE8A10B00709AEF /* ShopifySummer2018Tests.swift */ = {isa = PBXFileReference; lastKnownFileType = sourcecode.swift; path = ShopifySummer2018Tests.swift; sourceTree = "<group>"; };
		4476E39F1FE8A10B00709AEF /* Info.plist */ = {isa = PBXFileReference; lastKnownFileType = text.plist.xml; path = Info.plist; sourceTree = "<group>"; };
		4476E3A41FE8A10B00709AEF /* ShopifySummer2018UITests.xctest */ = {isa = PBXFileReference; explicitFileType = wrapper.cfbundle; includeInIndex = 0; path = ShopifySummer2018UITests.xctest; sourceTree = BUILT_PRODUCTS_DIR; };
		4476E3A81FE8A10B00709AEF /* ShopifySummer2018UITests.swift */ = {isa = PBXFileReference; lastKnownFileType = sourcecode.swift; path = ShopifySummer2018UITests.swift; sourceTree = "<group>"; };
		4476E3AA1FE8A10B00709AEF /* Info.plist */ = {isa = PBXFileReference; lastKnownFileType = text.plist.xml; path = Info.plist; sourceTree = "<group>"; };
		4476E3B61FE8C02000709AEF /* OnboardingViewController.swift */ = {isa = PBXFileReference; lastKnownFileType = sourcecode.swift; path = OnboardingViewController.swift; sourceTree = "<group>"; };
		4476E3B81FE8C28F00709AEF /* Extensions.swift */ = {isa = PBXFileReference; lastKnownFileType = sourcecode.swift; path = Extensions.swift; sourceTree = "<group>"; };
/* End PBXFileReference section */

/* Begin PBXFrameworksBuildPhase section */
		4476E37F1FE8A10A00709AEF /* Frameworks */ = {
			isa = PBXFrameworksBuildPhase;
			buildActionMask = 2147483647;
			files = (
			);
			runOnlyForDeploymentPostprocessing = 0;
		};
		4476E3961FE8A10B00709AEF /* Frameworks */ = {
			isa = PBXFrameworksBuildPhase;
			buildActionMask = 2147483647;
			files = (
			);
			runOnlyForDeploymentPostprocessing = 0;
		};
		4476E3A11FE8A10B00709AEF /* Frameworks */ = {
			isa = PBXFrameworksBuildPhase;
			buildActionMask = 2147483647;
			files = (
			);
			runOnlyForDeploymentPostprocessing = 0;
		};
/* End PBXFrameworksBuildPhase section */

/* Begin PBXGroup section */
		4421B45B1FEAC7E9000FA634 /* AllProducts */ = {
			isa = PBXGroup;
			children = (
				4462B6571FEA352300E6C210 /* AllProductsViewController.swift */,
				4462B65B1FEA469800E6C210 /* AllProductsDataProvider.swift */,
			);
			path = AllProducts;
			sourceTree = "<group>";
		};
		4421B45F1FEAD61D000FA634 /* DetailProducts */ = {
			isa = PBXGroup;
			children = (
				4421B45D1FEAC8A9000FA634 /* DetailProductViewController.swift */,
				4421B4621FEAD849000FA634 /* DetailProductDataProvider.swift */,
			);
			path = DetailProducts;
			sourceTree = "<group>";
		};
		443087131FE9777D003A93FB /* Model */ = {
			isa = PBXGroup;
			children = (
				4430870D1FE8EEE0003A93FB /* Product.swift */,
				4430870B1FE8EEC2003A93FB /* ProductManager.swift */,
			);
			path = Model;
			sourceTree = "<group>";
		};
		443087141FE9778C003A93FB /* Views */ = {
			isa = PBXGroup;
			children = (
				4430871E1FE9BF4B003A93FB /* ProductsTableViewCell.swift */,
				4462B6551FEA152400E6C210 /* RecentProductsCollectionViewCell.swift */,
				4462B6591FEA453D00E6C210 /* AllProductsTableViewCell.swift */,
			);
			path = Views;
			sourceTree = "<group>";
		};
		443087151FE97796003A93FB /* Controllers */ = {
			isa = PBXGroup;
			children = (
				4430871B1FE97862003A93FB /* Onboarding */,
				443087161FE9779E003A93FB /* HomeController */,
				443087171FE977B0003A93FB /* OrdersController */,
				443087191FE97808003A93FB /* ProductsController */,
				4430871A1FE97815003A93FB /* StoreController */,
			);
			path = Controllers;
			sourceTree = "<group>";
		};
		443087161FE9779E003A93FB /* HomeController */ = {
			isa = PBXGroup;
			children = (
				443087031FE8ED46003A93FB /* HomeViewController.swift */,
			);
			path = HomeController;
			sourceTree = "<group>";
		};
		443087171FE977B0003A93FB /* OrdersController */ = {
			isa = PBXGroup;
			children = (
				443087091FE8EE1C003A93FB /* OrdersViewController.swift */,
			);
			path = OrdersController;
			sourceTree = "<group>";
		};
		443087191FE97808003A93FB /* ProductsController */ = {
			isa = PBXGroup;
			children = (
				4421B45B1FEAC7E9000FA634 /* AllProducts */,
				4421B45F1FEAD61D000FA634 /* DetailProducts */,
				443087051FE8ED76003A93FB /* ProductsViewController.swift */,
				4462B6531FE9FFCE00E6C210 /* RecentProductsDataProvider.swift */,
				4430870F1FE8F262003A93FB /* ProductsDataProvider.swift */,
			);
			path = ProductsController;
			sourceTree = "<group>";
		};
		4430871A1FE97815003A93FB /* StoreController */ = {
			isa = PBXGroup;
			children = (
				443087071FE8ED8E003A93FB /* StoreViewController.swift */,
			);
			path = StoreController;
			sourceTree = "<group>";
		};
		4430871B1FE97862003A93FB /* Onboarding */ = {
			isa = PBXGroup;
			children = (
				4476E3B61FE8C02000709AEF /* OnboardingViewController.swift */,
			);
			path = Onboarding;
			sourceTree = "<group>";
		};
		4476E3791FE8A10A00709AEF = {
			isa = PBXGroup;
			children = (
				4476E3841FE8A10A00709AEF /* ShopifySummer2018 */,
				4476E39C1FE8A10B00709AEF /* ShopifySummer2018Tests */,
				4476E3A71FE8A10B00709AEF /* ShopifySummer2018UITests */,
				4476E3831FE8A10A00709AEF /* Products */,
			);
			sourceTree = "<group>";
		};
		4476E3831FE8A10A00709AEF /* Products */ = {
			isa = PBXGroup;
			children = (
				4476E3821FE8A10A00709AEF /* ShopifySummer2018.app */,
				4476E3991FE8A10B00709AEF /* ShopifySummer2018Tests.xctest */,
				4476E3A41FE8A10B00709AEF /* ShopifySummer2018UITests.xctest */,
			);
			name = Products;
			sourceTree = "<group>";
		};
		4476E3841FE8A10A00709AEF /* ShopifySummer2018 */ = {
			isa = PBXGroup;
			children = (
				4476E3851FE8A10B00709AEF /* AppDelegate.swift */,
				4476E3871FE8A10B00709AEF /* ViewController.swift */,
				443087131FE9777D003A93FB /* Model */,
				443087141FE9778C003A93FB /* Views */,
				443087151FE97796003A93FB /* Controllers */,
				4476E3B81FE8C28F00709AEF /* Extensions.swift */,
				4421B4601FEAD754000FA634 /* Helpers.swift */,
				4476E3891FE8A10B00709AEF /* Main.storyboard */,
				443087111FE972F7003A93FB /* LoginAndSignup.storyboard */,
				4476E38F1FE8A10B00709AEF /* Assets.xcassets */,
				4476E3911FE8A10B00709AEF /* LaunchScreen.storyboard */,
				4476E3941FE8A10B00709AEF /* Info.plist */,
				4476E38C1FE8A10B00709AEF /* ShopifySummer2018.xcdatamodeld */,
			);
			path = ShopifySummer2018;
			sourceTree = "<group>";
		};
		4476E39C1FE8A10B00709AEF /* ShopifySummer2018Tests */ = {
			isa = PBXGroup;
			children = (
				4476E39D1FE8A10B00709AEF /* ShopifySummer2018Tests.swift */,
				4476E39F1FE8A10B00709AEF /* Info.plist */,
			);
			path = ShopifySummer2018Tests;
			sourceTree = "<group>";
		};
		4476E3A71FE8A10B00709AEF /* ShopifySummer2018UITests */ = {
			isa = PBXGroup;
			children = (
				4476E3A81FE8A10B00709AEF /* ShopifySummer2018UITests.swift */,
				4476E3AA1FE8A10B00709AEF /* Info.plist */,
			);
			path = ShopifySummer2018UITests;
			sourceTree = "<group>";
		};
/* End PBXGroup section */

/* Begin PBXNativeTarget section */
		4476E3811FE8A10A00709AEF /* ShopifySummer2018 */ = {
			isa = PBXNativeTarget;
			buildConfigurationList = 4476E3AD1FE8A10B00709AEF /* Build configuration list for PBXNativeTarget "ShopifySummer2018" */;
			buildPhases = (
				4476E37E1FE8A10A00709AEF /* Sources */,
				4476E37F1FE8A10A00709AEF /* Frameworks */,
				4476E3801FE8A10A00709AEF /* Resources */,
			);
			buildRules = (
			);
			dependencies = (
			);
			name = ShopifySummer2018;
			productName = ShopifySummer2018;
			productReference = 4476E3821FE8A10A00709AEF /* ShopifySummer2018.app */;
			productType = "com.apple.product-type.application";
		};
		4476E3981FE8A10B00709AEF /* ShopifySummer2018Tests */ = {
			isa = PBXNativeTarget;
			buildConfigurationList = 4476E3B01FE8A10B00709AEF /* Build configuration list for PBXNativeTarget "ShopifySummer2018Tests" */;
			buildPhases = (
				4476E3951FE8A10B00709AEF /* Sources */,
				4476E3961FE8A10B00709AEF /* Frameworks */,
				4476E3971FE8A10B00709AEF /* Resources */,
			);
			buildRules = (
			);
			dependencies = (
				4476E39B1FE8A10B00709AEF /* PBXTargetDependency */,
			);
			name = ShopifySummer2018Tests;
			productName = ShopifySummer2018Tests;
			productReference = 4476E3991FE8A10B00709AEF /* ShopifySummer2018Tests.xctest */;
			productType = "com.apple.product-type.bundle.unit-test";
		};
		4476E3A31FE8A10B00709AEF /* ShopifySummer2018UITests */ = {
			isa = PBXNativeTarget;
			buildConfigurationList = 4476E3B31FE8A10B00709AEF /* Build configuration list for PBXNativeTarget "ShopifySummer2018UITests" */;
			buildPhases = (
				4476E3A01FE8A10B00709AEF /* Sources */,
				4476E3A11FE8A10B00709AEF /* Frameworks */,
				4476E3A21FE8A10B00709AEF /* Resources */,
			);
			buildRules = (
			);
			dependencies = (
				4476E3A61FE8A10B00709AEF /* PBXTargetDependency */,
			);
			name = ShopifySummer2018UITests;
			productName = ShopifySummer2018UITests;
			productReference = 4476E3A41FE8A10B00709AEF /* ShopifySummer2018UITests.xctest */;
			productType = "com.apple.product-type.bundle.ui-testing";
		};
/* End PBXNativeTarget section */

/* Begin PBXProject section */
		4476E37A1FE8A10A00709AEF /* Project object */ = {
			isa = PBXProject;
			attributes = {
				LastSwiftUpdateCheck = 0900;
				LastUpgradeCheck = 0900;
				ORGANIZATIONNAME = "Shopify Inc";
				TargetAttributes = {
					4476E3811FE8A10A00709AEF = {
						CreatedOnToolsVersion = 9.0;
						ProvisioningStyle = Automatic;
					};
					4476E3981FE8A10B00709AEF = {
						CreatedOnToolsVersion = 9.0;
						ProvisioningStyle = Automatic;
						TestTargetID = 4476E3811FE8A10A00709AEF;
					};
					4476E3A31FE8A10B00709AEF = {
						CreatedOnToolsVersion = 9.0;
						ProvisioningStyle = Automatic;
						TestTargetID = 4476E3811FE8A10A00709AEF;
					};
				};
			};
			buildConfigurationList = 4476E37D1FE8A10A00709AEF /* Build configuration list for PBXProject "ShopifySummer2018" */;
			compatibilityVersion = "Xcode 8.0";
			developmentRegion = en;
			hasScannedForEncodings = 0;
			knownRegions = (
				en,
				Base,
			);
			mainGroup = 4476E3791FE8A10A00709AEF;
			productRefGroup = 4476E3831FE8A10A00709AEF /* Products */;
			projectDirPath = "";
			projectRoot = "";
			targets = (
				4476E3811FE8A10A00709AEF /* ShopifySummer2018 */,
				4476E3981FE8A10B00709AEF /* ShopifySummer2018Tests */,
				4476E3A31FE8A10B00709AEF /* ShopifySummer2018UITests */,
			);
		};
/* End PBXProject section */

/* Begin PBXResourcesBuildPhase section */
		4476E3801FE8A10A00709AEF /* Resources */ = {
			isa = PBXResourcesBuildPhase;
			buildActionMask = 2147483647;
			files = (
				4476E3931FE8A10B00709AEF /* LaunchScreen.storyboard in Resources */,
				4476E3901FE8A10B00709AEF /* Assets.xcassets in Resources */,
				443087121FE972F7003A93FB /* LoginAndSignup.storyboard in Resources */,
				4476E38B1FE8A10B00709AEF /* Main.storyboard in Resources */,
			);
			runOnlyForDeploymentPostprocessing = 0;
		};
		4476E3971FE8A10B00709AEF /* Resources */ = {
			isa = PBXResourcesBuildPhase;
			buildActionMask = 2147483647;
			files = (
			);
			runOnlyForDeploymentPostprocessing = 0;
		};
		4476E3A21FE8A10B00709AEF /* Resources */ = {
			isa = PBXResourcesBuildPhase;
			buildActionMask = 2147483647;
			files = (
			);
			runOnlyForDeploymentPostprocessing = 0;
		};
/* End PBXResourcesBuildPhase section */

/* Begin PBXSourcesBuildPhase section */
		4476E37E1FE8A10A00709AEF /* Sources */ = {
			isa = PBXSourcesBuildPhase;
			buildActionMask = 2147483647;
			files = (
				4462B65C1FEA469800E6C210 /* AllProductsDataProvider.swift in Sources */,
				443087081FE8ED8E003A93FB /* StoreViewController.swift in Sources */,
				4430870C1FE8EEC2003A93FB /* ProductManager.swift in Sources */,
				4421B4611FEAD754000FA634 /* Helpers.swift in Sources */,
				4430871F1FE9BF4B003A93FB /* ProductsTableViewCell.swift in Sources */,
				4476E3B91FE8C28F00709AEF /* Extensions.swift in Sources */,
				4476E3881FE8A10B00709AEF /* ViewController.swift in Sources */,
				4421B4631FEAD849000FA634 /* DetailProductDataProvider.swift in Sources */,
				443087061FE8ED76003A93FB /* ProductsViewController.swift in Sources */,
				4462B6581FEA352300E6C210 /* AllProductsViewController.swift in Sources */,
				4462B6541FE9FFCE00E6C210 /* RecentProductsDataProvider.swift in Sources */,
				4430870E1FE8EEE0003A93FB /* Product.swift in Sources */,
				4462B65A1FEA453D00E6C210 /* AllProductsTableViewCell.swift in Sources */,
				443087101FE8F262003A93FB /* ProductsDataProvider.swift in Sources */,
				4462B6561FEA152400E6C210 /* RecentProductsCollectionViewCell.swift in Sources */,
				4430870A1FE8EE1C003A93FB /* OrdersViewController.swift in Sources */,
				4476E3861FE8A10B00709AEF /* AppDelegate.swift in Sources */,
				4476E38E1FE8A10B00709AEF /* ShopifySummer2018.xcdatamodeld in Sources */,
				4421B45E1FEAC8A9000FA634 /* DetailProductViewController.swift in Sources */,
				4476E3B71FE8C02000709AEF /* OnboardingViewController.swift in Sources */,
				443087041FE8ED46003A93FB /* HomeViewController.swift in Sources */,
			);
			runOnlyForDeploymentPostprocessing = 0;
		};
		4476E3951FE8A10B00709AEF /* Sources */ = {
			isa = PBXSourcesBuildPhase;
			buildActionMask = 2147483647;
			files = (
				4476E39E1FE8A10B00709AEF /* ShopifySummer2018Tests.swift in Sources */,
			);
			runOnlyForDeploymentPostprocessing = 0;
		};
		4476E3A01FE8A10B00709AEF /* Sources */ = {
			isa = PBXSourcesBuildPhase;
			buildActionMask = 2147483647;
			files = (
				4476E3A91FE8A10B00709AEF /* ShopifySummer2018UITests.swift in Sources */,
			);
			runOnlyForDeploymentPostprocessing = 0;
		};
/* End PBXSourcesBuildPhase section */

/* Begin PBXTargetDependency section */
		4476E39B1FE8A10B00709AEF /* PBXTargetDependency */ = {
			isa = PBXTargetDependency;
			target = 4476E3811FE8A10A00709AEF /* ShopifySummer2018 */;
			targetProxy = 4476E39A1FE8A10B00709AEF /* PBXContainerItemProxy */;
		};
		4476E3A61FE8A10B00709AEF /* PBXTargetDependency */ = {
			isa = PBXTargetDependency;
			target = 4476E3811FE8A10A00709AEF /* ShopifySummer2018 */;
			targetProxy = 4476E3A51FE8A10B00709AEF /* PBXContainerItemProxy */;
		};
/* End PBXTargetDependency section */

/* Begin PBXVariantGroup section */
		4476E3891FE8A10B00709AEF /* Main.storyboard */ = {
			isa = PBXVariantGroup;
			children = (
				4476E38A1FE8A10B00709AEF /* Base */,
			);
			name = Main.storyboard;
			sourceTree = "<group>";
		};
		4476E3911FE8A10B00709AEF /* LaunchScreen.storyboard */ = {
			isa = PBXVariantGroup;
			children = (
				4476E3921FE8A10B00709AEF /* Base */,
			);
			name = LaunchScreen.storyboard;
			sourceTree = "<group>";
		};
/* End PBXVariantGroup section */

/* Begin XCBuildConfiguration section */
		4476E3AB1FE8A10B00709AEF /* Debug */ = {
			isa = XCBuildConfiguration;
			buildSettings = {
				ALWAYS_SEARCH_USER_PATHS = NO;
				CLANG_ANALYZER_NONNULL = YES;
				CLANG_ANALYZER_NUMBER_OBJECT_CONVERSION = YES_AGGRESSIVE;
				CLANG_CXX_LANGUAGE_STANDARD = "gnu++14";
				CLANG_CXX_LIBRARY = "libc++";
				CLANG_ENABLE_MODULES = YES;
				CLANG_ENABLE_OBJC_ARC = YES;
				CLANG_WARN_BLOCK_CAPTURE_AUTORELEASING = YES;
				CLANG_WARN_BOOL_CONVERSION = YES;
				CLANG_WARN_COMMA = YES;
				CLANG_WARN_CONSTANT_CONVERSION = YES;
				CLANG_WARN_DIRECT_OBJC_ISA_USAGE = YES_ERROR;
				CLANG_WARN_DOCUMENTATION_COMMENTS = YES;
				CLANG_WARN_EMPTY_BODY = YES;
				CLANG_WARN_ENUM_CONVERSION = YES;
				CLANG_WARN_INFINITE_RECURSION = YES;
				CLANG_WARN_INT_CONVERSION = YES;
				CLANG_WARN_NON_LITERAL_NULL_CONVERSION = YES;
				CLANG_WARN_OBJC_LITERAL_CONVERSION = YES;
				CLANG_WARN_OBJC_ROOT_CLASS = YES_ERROR;
				CLANG_WARN_RANGE_LOOP_ANALYSIS = YES;
				CLANG_WARN_STRICT_PROTOTYPES = YES;
				CLANG_WARN_SUSPICIOUS_MOVE = YES;
				CLANG_WARN_UNGUARDED_AVAILABILITY = YES_AGGRESSIVE;
				CLANG_WARN_UNREACHABLE_CODE = YES;
				CLANG_WARN__DUPLICATE_METHOD_MATCH = YES;
				CODE_SIGN_IDENTITY = "iPhone Developer";
				COPY_PHASE_STRIP = NO;
				DEBUG_INFORMATION_FORMAT = dwarf;
				ENABLE_STRICT_OBJC_MSGSEND = YES;
				ENABLE_TESTABILITY = YES;
				GCC_C_LANGUAGE_STANDARD = gnu11;
				GCC_DYNAMIC_NO_PIC = NO;
				GCC_NO_COMMON_BLOCKS = YES;
				GCC_OPTIMIZATION_LEVEL = 0;
				GCC_PREPROCESSOR_DEFINITIONS = (
					"DEBUG=1",
					"$(inherited)",
				);
				GCC_WARN_64_TO_32_BIT_CONVERSION = YES;
				GCC_WARN_ABOUT_RETURN_TYPE = YES_ERROR;
				GCC_WARN_UNDECLARED_SELECTOR = YES;
				GCC_WARN_UNINITIALIZED_AUTOS = YES_AGGRESSIVE;
				GCC_WARN_UNUSED_FUNCTION = YES;
				GCC_WARN_UNUSED_VARIABLE = YES;
				IPHONEOS_DEPLOYMENT_TARGET = 11.0;
				MTL_ENABLE_DEBUG_INFO = YES;
				ONLY_ACTIVE_ARCH = YES;
				SDKROOT = iphoneos;
				SWIFT_ACTIVE_COMPILATION_CONDITIONS = DEBUG;
				SWIFT_OPTIMIZATION_LEVEL = "-Onone";
			};
			name = Debug;
		};
		4476E3AC1FE8A10B00709AEF /* Release */ = {
			isa = XCBuildConfiguration;
			buildSettings = {
				ALWAYS_SEARCH_USER_PATHS = NO;
				CLANG_ANALYZER_NONNULL = YES;
				CLANG_ANALYZER_NUMBER_OBJECT_CONVERSION = YES_AGGRESSIVE;
				CLANG_CXX_LANGUAGE_STANDARD = "gnu++14";
				CLANG_CXX_LIBRARY = "libc++";
				CLANG_ENABLE_MODULES = YES;
				CLANG_ENABLE_OBJC_ARC = YES;
				CLANG_WARN_BLOCK_CAPTURE_AUTORELEASING = YES;
				CLANG_WARN_BOOL_CONVERSION = YES;
				CLANG_WARN_COMMA = YES;
				CLANG_WARN_CONSTANT_CONVERSION = YES;
				CLANG_WARN_DIRECT_OBJC_ISA_USAGE = YES_ERROR;
				CLANG_WARN_DOCUMENTATION_COMMENTS = YES;
				CLANG_WARN_EMPTY_BODY = YES;
				CLANG_WARN_ENUM_CONVERSION = YES;
				CLANG_WARN_INFINITE_RECURSION = YES;
				CLANG_WARN_INT_CONVERSION = YES;
				CLANG_WARN_NON_LITERAL_NULL_CONVERSION = YES;
				CLANG_WARN_OBJC_LITERAL_CONVERSION = YES;
				CLANG_WARN_OBJC_ROOT_CLASS = YES_ERROR;
				CLANG_WARN_RANGE_LOOP_ANALYSIS = YES;
				CLANG_WARN_STRICT_PROTOTYPES = YES;
				CLANG_WARN_SUSPICIOUS_MOVE = YES;
				CLANG_WARN_UNGUARDED_AVAILABILITY = YES_AGGRESSIVE;
				CLANG_WARN_UNREACHABLE_CODE = YES;
				CLANG_WARN__DUPLICATE_METHOD_MATCH = YES;
				CODE_SIGN_IDENTITY = "iPhone Developer";
				COPY_PHASE_STRIP = NO;
				DEBUG_INFORMATION_FORMAT = "dwarf-with-dsym";
				ENABLE_NS_ASSERTIONS = NO;
				ENABLE_STRICT_OBJC_MSGSEND = YES;
				GCC_C_LANGUAGE_STANDARD = gnu11;
				GCC_NO_COMMON_BLOCKS = YES;
				GCC_WARN_64_TO_32_BIT_CONVERSION = YES;
				GCC_WARN_ABOUT_RETURN_TYPE = YES_ERROR;
				GCC_WARN_UNDECLARED_SELECTOR = YES;
				GCC_WARN_UNINITIALIZED_AUTOS = YES_AGGRESSIVE;
				GCC_WARN_UNUSED_FUNCTION = YES;
				GCC_WARN_UNUSED_VARIABLE = YES;
				IPHONEOS_DEPLOYMENT_TARGET = 11.0;
				MTL_ENABLE_DEBUG_INFO = NO;
				SDKROOT = iphoneos;
				SWIFT_OPTIMIZATION_LEVEL = "-Owholemodule";
				VALIDATE_PRODUCT = YES;
			};
			name = Release;
		};
		4476E3AE1FE8A10B00709AEF /* Debug */ = {
			isa = XCBuildConfiguration;
			buildSettings = {
				ASSETCATALOG_COMPILER_APPICON_NAME = AppIcon;
				CODE_SIGN_STYLE = Automatic;
				DEVELOPMENT_TEAM = 5M9BB34F6M;
				INFOPLIST_FILE = ShopifySummer2018/Info.plist;
				LD_RUNPATH_SEARCH_PATHS = "$(inherited) @executable_path/Frameworks";
				PRODUCT_BUNDLE_IDENTIFIER = com.shopify.mobileDeveloper.ShopifySummer2018;
				PRODUCT_NAME = "$(TARGET_NAME)";
				SWIFT_VERSION = 4.0;
				TARGETED_DEVICE_FAMILY = "1,2";
			};
			name = Debug;
		};
		4476E3AF1FE8A10B00709AEF /* Release */ = {
			isa = XCBuildConfiguration;
			buildSettings = {
				ASSETCATALOG_COMPILER_APPICON_NAME = AppIcon;
				CODE_SIGN_STYLE = Automatic;
				DEVELOPMENT_TEAM = 5M9BB34F6M;
				INFOPLIST_FILE = ShopifySummer2018/Info.plist;
				LD_RUNPATH_SEARCH_PATHS = "$(inherited) @executable_path/Frameworks";
				PRODUCT_BUNDLE_IDENTIFIER = com.shopify.mobileDeveloper.ShopifySummer2018;
				PRODUCT_NAME = "$(TARGET_NAME)";
				SWIFT_VERSION = 4.0;
				TARGETED_DEVICE_FAMILY = "1,2";
			};
			name = Release;
		};
		4476E3B11FE8A10B00709AEF /* Debug */ = {
			isa = XCBuildConfiguration;
			buildSettings = {
				ALWAYS_EMBED_SWIFT_STANDARD_LIBRARIES = YES;
				BUNDLE_LOADER = "$(TEST_HOST)";
				CODE_SIGN_STYLE = Automatic;
				DEVELOPMENT_TEAM = 5M9BB34F6M;
				INFOPLIST_FILE = ShopifySummer2018Tests/Info.plist;
				LD_RUNPATH_SEARCH_PATHS = "$(inherited) @executable_path/Frameworks @loader_path/Frameworks";
				PRODUCT_BUNDLE_IDENTIFIER = com.shopify.mobileDeveloper.ShopifySummer2018Tests;
				PRODUCT_NAME = "$(TARGET_NAME)";
				SWIFT_VERSION = 4.0;
				TARGETED_DEVICE_FAMILY = "1,2";
				TEST_HOST = "$(BUILT_PRODUCTS_DIR)/ShopifySummer2018.app/ShopifySummer2018";
			};
			name = Debug;
		};
		4476E3B21FE8A10B00709AEF /* Release */ = {
			isa = XCBuildConfiguration;
			buildSettings = {
				ALWAYS_EMBED_SWIFT_STANDARD_LIBRARIES = YES;
				BUNDLE_LOADER = "$(TEST_HOST)";
				CODE_SIGN_STYLE = Automatic;
				DEVELOPMENT_TEAM = 5M9BB34F6M;
				INFOPLIST_FILE = ShopifySummer2018Tests/Info.plist;
				LD_RUNPATH_SEARCH_PATHS = "$(inherited) @executable_path/Frameworks @loader_path/Frameworks";
				PRODUCT_BUNDLE_IDENTIFIER = com.shopify.mobileDeveloper.ShopifySummer2018Tests;
				PRODUCT_NAME = "$(TARGET_NAME)";
				SWIFT_VERSION = 4.0;
				TARGETED_DEVICE_FAMILY = "1,2";
				TEST_HOST = "$(BUILT_PRODUCTS_DIR)/ShopifySummer2018.app/ShopifySummer2018";
			};
			name = Release;
		};
		4476E3B41FE8A10B00709AEF /* Debug */ = {
			isa = XCBuildConfiguration;
			buildSettings = {
				ALWAYS_EMBED_SWIFT_STANDARD_LIBRARIES = YES;
				CODE_SIGN_STYLE = Automatic;
				DEVELOPMENT_TEAM = 5M9BB34F6M;
				INFOPLIST_FILE = ShopifySummer2018UITests/Info.plist;
				LD_RUNPATH_SEARCH_PATHS = "$(inherited) @executable_path/Frameworks @loader_path/Frameworks";
				PRODUCT_BUNDLE_IDENTIFIER = com.shopify.mobileDeveloper.ShopifySummer2018UITests;
				PRODUCT_NAME = "$(TARGET_NAME)";
				SWIFT_VERSION = 4.0;
				TARGETED_DEVICE_FAMILY = "1,2";
				TEST_TARGET_NAME = ShopifySummer2018;
			};
			name = Debug;
		};
		4476E3B51FE8A10B00709AEF /* Release */ = {
			isa = XCBuildConfiguration;
			buildSettings = {
				ALWAYS_EMBED_SWIFT_STANDARD_LIBRARIES = YES;
				CODE_SIGN_STYLE = Automatic;
				DEVELOPMENT_TEAM = 5M9BB34F6M;
				INFOPLIST_FILE = ShopifySummer2018UITests/Info.plist;
				LD_RUNPATH_SEARCH_PATHS = "$(inherited) @executable_path/Frameworks @loader_path/Frameworks";
				PRODUCT_BUNDLE_IDENTIFIER = com.shopify.mobileDeveloper.ShopifySummer2018UITests;
				PRODUCT_NAME = "$(TARGET_NAME)";
				SWIFT_VERSION = 4.0;
				TARGETED_DEVICE_FAMILY = "1,2";
				TEST_TARGET_NAME = ShopifySummer2018;
			};
			name = Release;
		};
/* End XCBuildConfiguration section */

/* Begin XCConfigurationList section */
		4476E37D1FE8A10A00709AEF /* Build configuration list for PBXProject "ShopifySummer2018" */ = {
			isa = XCConfigurationList;
			buildConfigurations = (
				4476E3AB1FE8A10B00709AEF /* Debug */,
				4476E3AC1FE8A10B00709AEF /* Release */,
			);
			defaultConfigurationIsVisible = 0;
			defaultConfigurationName = Release;
		};
		4476E3AD1FE8A10B00709AEF /* Build configuration list for PBXNativeTarget "ShopifySummer2018" */ = {
			isa = XCConfigurationList;
			buildConfigurations = (
				4476E3AE1FE8A10B00709AEF /* Debug */,
				4476E3AF1FE8A10B00709AEF /* Release */,
			);
			defaultConfigurationIsVisible = 0;
			defaultConfigurationName = Release;
		};
		4476E3B01FE8A10B00709AEF /* Build configuration list for PBXNativeTarget "ShopifySummer2018Tests" */ = {
			isa = XCConfigurationList;
			buildConfigurations = (
				4476E3B11FE8A10B00709AEF /* Debug */,
				4476E3B21FE8A10B00709AEF /* Release */,
			);
			defaultConfigurationIsVisible = 0;
			defaultConfigurationName = Release;
		};
		4476E3B31FE8A10B00709AEF /* Build configuration list for PBXNativeTarget "ShopifySummer2018UITests" */ = {
			isa = XCConfigurationList;
			buildConfigurations = (
				4476E3B41FE8A10B00709AEF /* Debug */,
				4476E3B51FE8A10B00709AEF /* Release */,
			);
			defaultConfigurationIsVisible = 0;
			defaultConfigurationName = Release;
		};
/* End XCConfigurationList section */

/* Begin XCVersionGroup section */
		4476E38C1FE8A10B00709AEF /* ShopifySummer2018.xcdatamodeld */ = {
			isa = XCVersionGroup;
			children = (
				4476E38D1FE8A10B00709AEF /* ShopifySummer2018.xcdatamodel */,
			);
			currentVersion = 4476E38D1FE8A10B00709AEF /* ShopifySummer2018.xcdatamodel */;
			path = ShopifySummer2018.xcdatamodeld;
			sourceTree = "<group>";
			versionGroupType = wrapper.xcdatamodel;
		};
/* End XCVersionGroup section */
	};
	rootObject = 4476E37A1FE8A10A00709AEF /* Project object */;
}
